
Microsoft Visual Studio Solution File, Format Version 11.00
# Visual Studio 2010
Project("{FAE04EC0-301F-11D3-BF4B-00C04F79EFBC}") = "msmvp_pl", "src\msmvp_pl\msmvp_pl.csproj", "{6BA2A35C-D02C-434B-B99B-05B5E399CA7F}"
EndProject
Project("{FAE04EC0-301F-11D3-BF4B-00C04F79EFBC}") = "msmvp_pl.Tests", "src\msmvp_pl.Tests\msmvp_pl.Tests.csproj", "{8A8F8D89-448E-40B3-A5BD-C1E946F6887F}"
EndProject
Project("{FAE04EC0-301F-11D3-BF4B-00C04F79EFBC}") = "DataEntryApp", "src\DataEntryApp\DataEntryApp.csproj", "{A0F9758D-195D-4DFF-B174-D181220B0918}"
EndProject
Project("{2150E333-8FDC-42A3-9474-1A3956D46DE8}") = "RssMixxxer", "RssMixxxer", "{38403D85-F402-4C8C-B96A-2E800800182D}"
EndProject
Project("{FAE04EC0-301F-11D3-BF4B-00C04F79EFBC}") = "RssMixxxer", "src\RssMixxxer\src\RssMixxxer\RssMixxxer.csproj", "{29FCD44D-8D9E-4737-89BD-B4FB8938DF6F}"
EndProject
Project("{FAE04EC0-301F-11D3-BF4B-00C04F79EFBC}") = "RssMixxxer.Tests", "src\RssMixxxer\src\RssMixxxer.Tests\RssMixxxer.Tests.csproj", "{4F701265-5B08-44EF-8E4D-836BA366BEBA}"
EndProject
Global
	GlobalSection(SolutionConfigurationPlatforms) = preSolution
		Debug|Any CPU = Debug|Any CPU
		MonoDebug|Any CPU = MonoDebug|Any CPU
		MonoRelease|Any CPU = MonoRelease|Any CPU
		Release|Any CPU = Release|Any CPU
	EndGlobalSection
	GlobalSection(ProjectConfigurationPlatforms) = postSolution
		{6BA2A35C-D02C-434B-B99B-05B5E399CA7F}.Debug|Any CPU.ActiveCfg = Debug|Any CPU
		{6BA2A35C-D02C-434B-B99B-05B5E399CA7F}.Debug|Any CPU.Build.0 = Debug|Any CPU
		{6BA2A35C-D02C-434B-B99B-05B5E399CA7F}.MonoDebug|Any CPU.ActiveCfg = Debug|Any CPU
		{6BA2A35C-D02C-434B-B99B-05B5E399CA7F}.MonoDebug|Any CPU.Build.0 = Debug|Any CPU
		{6BA2A35C-D02C-434B-B99B-05B5E399CA7F}.MonoRelease|Any CPU.ActiveCfg = Release|Any CPU
		{6BA2A35C-D02C-434B-B99B-05B5E399CA7F}.MonoRelease|Any CPU.Build.0 = Release|Any CPU
		{6BA2A35C-D02C-434B-B99B-05B5E399CA7F}.Release|Any CPU.ActiveCfg = Release|Any CPU
		{6BA2A35C-D02C-434B-B99B-05B5E399CA7F}.Release|Any CPU.Build.0 = Release|Any CPU
		{8A8F8D89-448E-40B3-A5BD-C1E946F6887F}.Debug|Any CPU.ActiveCfg = Debug|Any CPU
		{8A8F8D89-448E-40B3-A5BD-C1E946F6887F}.Debug|Any CPU.Build.0 = Debug|Any CPU
		{8A8F8D89-448E-40B3-A5BD-C1E946F6887F}.MonoDebug|Any CPU.ActiveCfg = Debug|Any CPU
		{8A8F8D89-448E-40B3-A5BD-C1E946F6887F}.MonoDebug|Any CPU.Build.0 = Debug|Any CPU
		{8A8F8D89-448E-40B3-A5BD-C1E946F6887F}.MonoRelease|Any CPU.ActiveCfg = Release|Any CPU
		{8A8F8D89-448E-40B3-A5BD-C1E946F6887F}.MonoRelease|Any CPU.Build.0 = Release|Any CPU
		{8A8F8D89-448E-40B3-A5BD-C1E946F6887F}.Release|Any CPU.ActiveCfg = Release|Any CPU
		{8A8F8D89-448E-40B3-A5BD-C1E946F6887F}.Release|Any CPU.Build.0 = Release|Any CPU
		{A0F9758D-195D-4DFF-B174-D181220B0918}.Debug|Any CPU.ActiveCfg = Debug|Any CPU
		{A0F9758D-195D-4DFF-B174-D181220B0918}.Debug|Any CPU.Build.0 = Debug|Any CPU
		{A0F9758D-195D-4DFF-B174-D181220B0918}.MonoDebug|Any CPU.ActiveCfg = Debug|Any CPU
		{A0F9758D-195D-4DFF-B174-D181220B0918}.MonoDebug|Any CPU.Build.0 = Debug|Any CPU
		{A0F9758D-195D-4DFF-B174-D181220B0918}.MonoRelease|Any CPU.ActiveCfg = Release|Any CPU
		{A0F9758D-195D-4DFF-B174-D181220B0918}.MonoRelease|Any CPU.Build.0 = Release|Any CPU
		{A0F9758D-195D-4DFF-B174-D181220B0918}.Release|Any CPU.ActiveCfg = Release|Any CPU
		{A0F9758D-195D-4DFF-B174-D181220B0918}.Release|Any CPU.Build.0 = Release|Any CPU
		{29FCD44D-8D9E-4737-89BD-B4FB8938DF6F}.Debug|Any CPU.ActiveCfg = Debug|Any CPU
		{29FCD44D-8D9E-4737-89BD-B4FB8938DF6F}.Debug|Any CPU.Build.0 = Debug|Any CPU
		{29FCD44D-8D9E-4737-89BD-B4FB8938DF6F}.MonoDebug|Any CPU.ActiveCfg = Debug|Any CPU
		{29FCD44D-8D9E-4737-89BD-B4FB8938DF6F}.MonoDebug|Any CPU.Build.0 = Debug|Any CPU
		{29FCD44D-8D9E-4737-89BD-B4FB8938DF6F}.MonoRelease|Any CPU.ActiveCfg = Release|Any CPU
		{29FCD44D-8D9E-4737-89BD-B4FB8938DF6F}.MonoRelease|Any CPU.Build.0 = Release|Any CPU
		{29FCD44D-8D9E-4737-89BD-B4FB8938DF6F}.Release|Any CPU.ActiveCfg = Release|Any CPU
		{29FCD44D-8D9E-4737-89BD-B4FB8938DF6F}.Release|Any CPU.Build.0 = Release|Any CPU
		{4F701265-5B08-44EF-8E4D-836BA366BEBA}.Debug|Any CPU.ActiveCfg = Debug|Any CPU
		{4F701265-5B08-44EF-8E4D-836BA366BEBA}.Debug|Any CPU.Build.0 = Debug|Any CPU
		{4F701265-5B08-44EF-8E4D-836BA366BEBA}.MonoDebug|Any CPU.ActiveCfg = Debug|Any CPU
		{4F701265-5B08-44EF-8E4D-836BA366BEBA}.MonoDebug|Any CPU.Build.0 = Debug|Any CPU
		{4F701265-5B08-44EF-8E4D-836BA366BEBA}.MonoRelease|Any CPU.ActiveCfg = Release|Any CPU
		{4F701265-5B08-44EF-8E4D-836BA366BEBA}.MonoRelease|Any CPU.Build.0 = Release|Any CPU
		{4F701265-5B08-44EF-8E4D-836BA366BEBA}.Release|Any CPU.ActiveCfg = Release|Any CPU
		{4F701265-5B08-44EF-8E4D-836BA366BEBA}.Release|Any CPU.Build.0 = Release|Any CPU
	EndGlobalSection
	GlobalSection(SolutionProperties) = preSolution
		HideSolutionNode = FALSE
	EndGlobalSection
	GlobalSection(NestedProjects) = preSolution
		{29FCD44D-8D9E-4737-89BD-B4FB8938DF6F} = {38403D85-F402-4C8C-B96A-2E800800182D}
		{4F701265-5B08-44EF-8E4D-836BA366BEBA} = {38403D85-F402-4C8C-B96A-2E800800182D}
	EndGlobalSection
EndGlobal
